
Microsoft Visual Studio Solution File, Format Version 12.00
# Visual Studio Version 17
VisualStudioVersion = 17.8.34511.84
MinimumVisualStudioVersion = 10.0.40219.1
Project("{FAE04EC0-301F-11D3-BF4B-00C04F79EFBC}") = "BookManagementApplication", "BookManagementApplication\BookManagementApplication.csproj", "{FBEE0EDE-448D-4E95-A05B-A2E099B4C581}"
EndProject
Global
	GlobalSection(SolutionConfigurationPlatforms) = preSolution
		Debug|Any CPU = Debug|Any CPU
		Release|Any CPU = Release|Any CPU
	EndGlobalSection
	GlobalSection(ProjectConfigurationPlatforms) = postSolution
		{FBEE0EDE-448D-4E95-A05B-A2E099B4C581}.Debug|Any CPU.ActiveCfg = Debug|Any CPU
		{FBEE0EDE-448D-4E95-A05B-A2E099B4C581}.Debug|Any CPU.Build.0 = Debug|Any CPU
		{FBEE0EDE-448D-4E95-A05B-A2E099B4C581}.Release|Any CPU.ActiveCfg = Release|Any CPU
		{FBEE0EDE-448D-4E95-A05B-A2E099B4C581}.Release|Any CPU.Build.0 = Release|Any CPU
	EndGlobalSection
	GlobalSection(SolutionProperties) = preSolution
		HideSolutionNode = FALSE
	EndGlobalSection
	GlobalSection(ExtensibilityGlobals) = postSolution
		SolutionGuid = {8AF43D47-E1CA-4FCC-A75F-C1FB2E5AD044}
	EndGlobalSection
EndGlobal
